{
  "name": "sastore",
  "version": "1.0.0",
  "lockfileVersion": 1,
  "requires": true,
  "dependencies": {
    "bootstrap": {
      "version": "4.5.3",
      "resolved": "https://registry.npmjs.org/bootstrap/-/bootstrap-4.5.3.tgz",
      "integrity": "sha512-o9ppKQioXGqhw8Z7mah6KdTYpNQY//tipnkxppWhPbiSWdD+1raYsnhwEZjkTHYbGee4cVQ0Rx65EhOY/HNLcQ=="
    },
    "metismenu": {
      "version": "3.0.6",
      "resolved": "https://registry.npmjs.org/metismenu/-/metismenu-3.0.6.tgz",
      "integrity": "sha512-aO2XoKWMLNGAw3skRPWcAhZUtootPhEk6Lz5Jamc9RlulhThp4h09AoeXevhg4vVQvwQjl8UenN09Wnr2QeM5w=="
    },
    "noty": {
      "version": "3.2.0-beta",
      "resolved": "https://registry.npmjs.org/noty/-/noty-3.2.0-beta.tgz",
      "integrity": "sha512-a1//Rth1MTQ/GCvGzwBXrZqCwOPyxiIKMdHT1TlcdrDYBYVfb7vzwsU0N4x+j/HeIQTi6/pbP8lRtY9gBz/d3Q=="
    }
  }
}
